PODS:
  - Expecta (0.2.4)
  - KIF (3.0.4):
    - KIF/XCTest (= 3.0.4)
  - KIF/XCTest (3.0.4)
  - Specta (0.2.99)
  - Swizzlean (0.1.2)

DEPENDENCIES:
  - Expecta (~> 0.2.4)
  - KIF (~> 3.0)
  - Specta (from `git@github.com:specta/specta.git`, commit `93e4eac3fc31e0539261ae2fb633cae7e6b93b33`)
  - Swizzlean (~> 0.1.1)

EXTERNAL SOURCES:
  Specta:
    :commit: 93e4eac3fc31e0539261ae2fb633cae7e6b93b33
    :git: git@github.com:specta/specta.git

CHECKOUT OPTIONS:
  Specta:
    :commit: 93e4eac3fc31e0539261ae2fb633cae7e6b93b33
    :git: git@github.com:specta/specta.git

SPEC CHECKSUMS:
  Expecta: cfaf1d3e2e194ca704a25e997093d30a1ce70b61
  KIF: 85b0ffab1b6d426d85e178e8fc84e8f5238278eb
  Specta: 364e12c765a21e5a11a319109c84a25bbb15e4dd
  Swizzlean: 164ef9d428a35ef61a404747ab40010f303dffa2

COCOAPODS: 0.36.0
